
Microsoft Visual Studio Solution File, Format Version 12.00
# Visual Studio Version 17
VisualStudioVersion = 17.3.32825.248
MinimumVisualStudioVersion = 10.0.40219.1
Project("{FAE04EC0-301F-11D3-BF4B-00C04F79EFBC}") = "ContactsManagement.API", "ContactsManagement.API\ContactsManagement.API.csproj", "{61AC5207-B274-4B96-AECA-0C111684888A}"
EndProject
Project("{54A90642-561A-4BB1-A94E-469ADEE60C69}") = "contactsmanagement.client", "ContactsManagement.Client\contactsmanagement.client.esproj", "{BA763474-DCD8-4C7D-8B7E-1FAA1A7E40ED}"
EndProject
Global
	GlobalSection(SolutionConfigurationPlatforms) = preSolution
		Debug|Any CPU = Debug|Any CPU
		Release|Any CPU = Release|Any CPU
	EndGlobalSection
	GlobalSection(ProjectConfigurationPlatforms) = postSolution
		{61AC5207-B274-4B96-AECA-0C111684888A}.Debug|Any CPU.ActiveCfg = Debug|Any CPU
		{61AC5207-B274-4B96-AECA-0C111684888A}.Debug|Any CPU.Build.0 = Debug|Any CPU
		{61AC5207-B274-4B96-AECA-0C111684888A}.Release|Any CPU.ActiveCfg = Release|Any CPU
		{61AC5207-B274-4B96-AECA-0C111684888A}.Release|Any CPU.Build.0 = Release|Any CPU
		{BA763474-DCD8-4C7D-8B7E-1FAA1A7E40ED}.Debug|Any CPU.ActiveCfg = Debug|Any CPU
		{BA763474-DCD8-4C7D-8B7E-1FAA1A7E40ED}.Debug|Any CPU.Build.0 = Debug|Any CPU
		{BA763474-DCD8-4C7D-8B7E-1FAA1A7E40ED}.Debug|Any CPU.Deploy.0 = Debug|Any CPU
		{BA763474-DCD8-4C7D-8B7E-1FAA1A7E40ED}.Release|Any CPU.ActiveCfg = Release|Any CPU
		{BA763474-DCD8-4C7D-8B7E-1FAA1A7E40ED}.Release|Any CPU.Build.0 = Release|Any CPU
		{BA763474-DCD8-4C7D-8B7E-1FAA1A7E40ED}.Release|Any CPU.Deploy.0 = Release|Any CPU
	EndGlobalSection
	GlobalSection(SolutionProperties) = preSolution
		HideSolutionNode = FALSE
	EndGlobalSection
	GlobalSection(ExtensibilityGlobals) = postSolution
		SolutionGuid = {7EE10497-4BB5-46F0-ADB6-DE7594763722}
	EndGlobalSection
EndGlobal
